// !$*UTF8*$!
{
	archiveVersion = 1;
	classes = {
	};
	objectVersion = 77;
	objects = {

/* Begin PBXContainerItemProxy section */
		8BC6F0D82E19F5BB00139535 /* PBXContainerItemProxy */ = {
			isa = PBXContainerItemProxy;
			containerPortal = 8BC6F0BF2E19F5B900139535 /* Project object */;
			proxyType = 1;
			remoteGlobalIDString = 8BC6F0C62E19F5B900139535;
			remoteInfo = Furniture_App;
		};
		8BC6F0E22E19F5BB00139535 /* PBXContainerItemProxy */ = {
			isa = PBXContainerItemProxy;
			containerPortal = 8BC6F0BF2E19F5B900139535 /* Project object */;
			proxyType = 1;
			remoteGlobalIDString = 8BC6F0C62E19F5B900139535;
			remoteInfo = Furniture_App;
		};
/* End PBXContainerItemProxy section */

/* Begin PBXFileReference section */
		8BC6F0C72E19F5B900139535 /* Furniture_App.app */ = {isa = PBXFileReference; explicitFileType = wrapper.application; includeInIndex = 0; path = Furniture_App.app; sourceTree = BUILT_PRODUCTS_DIR; };
		8BC6F0D72E19F5BB00139535 /* Furniture_AppTests.xctest */ = {isa = PBXFileReference; explicitFileType = wrapper.cfbundle; includeInIndex = 0; path = Furniture_AppTests.xctest; sourceTree = BUILT_PRODUCTS_DIR; };
		8BC6F0E12E19F5BB00139535 /* Furniture_AppUITests.xctest */ = {isa = PBXFileReference; explicitFileType = wrapper.cfbundle; includeInIndex = 0; path = Furniture_AppUITests.xctest; sourceTree = BUILT_PRODUCTS_DIR; };
/* End PBXFileReference section */

/* Begin PBXFileSystemSynchronizedRootGroup section */
		8BC6F0C92E19F5B900139535 /* Furniture_App */ = {
			isa = PBXFileSystemSynchronizedRootGroup;
			path = Furniture_App;
			sourceTree = "<group>";
		};
		8BC6F0DA2E19F5BB00139535 /* Furniture_AppTests */ = {
			isa = PBXFileSystemSynchronizedRootGroup;
			path = Furniture_AppTests;
			sourceTree = "<group>";
		};
		8BC6F0E42E19F5BB00139535 /* Furniture_AppUITests */ = {
			isa = PBXFileSystemSynchronizedRootGroup;
			path = Furniture_AppUITests;
			sourceTree = "<group>";
		};
/* End PBXFileSystemSynchronizedRootGroup section */

/* Begin PBXFrameworksBuildPhase section */
		8BC6F0C42E19F5B900139535 /* Frameworks */ = {
			isa = PBXFrameworksBuildPhase;
			buildActionMask = 2147483647;
			files = (
			);
			runOnlyForDeploymentPostprocessing = 0;
		};
		8BC6F0D42E19F5BB00139535 /* Frameworks */ = {
			isa = PBXFrameworksBuildPhase;
			buildActionMask = 2147483647;
			files = (
			);
			runOnlyForDeploymentPostprocessing = 0;
		};
		8BC6F0DE2E19F5BB00139535 /* Frameworks */ = {
			isa = PBXFrameworksBuildPhase;
			buildActionMask = 2147483647;
			files = (
			);
			runOnlyForDeploymentPostprocessing = 0;
		};
/* End PBXFrameworksBuildPhase section */

/* Begin PBXGroup section */
		8BC6F0BE2E19F5B900139535 = {
			isa = PBXGroup;
			children = (
				8BC6F0C92E19F5B900139535 /* Furniture_App */,
				8BC6F0DA2E19F5BB00139535 /* Furniture_AppTests */,
				8BC6F0E42E19F5BB00139535 /* Furniture_AppUITests */,
				8BC6F0C82E19F5B900139535 /* Products */,
			);
			sourceTree = "<group>";
		};
		8BC6F0C82E19F5B900139535 /* Products */ = {
			isa = PBXGroup;
			children = (
				8BC6F0C72E19F5B900139535 /* Furniture_App.app */,
				8BC6F0D72E19F5BB00139535 /* Furniture_AppTests.xctest */,
				8BC6F0E12E19F5BB00139535 /* Furniture_AppUITests.xctest */,
			);
			name = Products;
			sourceTree = "<group>";
		};
/* End PBXGroup section */

/* Begin PBXNativeTarget section */
		8BC6F0C62E19F5B900139535 /* Furniture_App */ = {
			isa = PBXNativeTarget;
			buildConfigurationList = 8BC6F0EB2E19F5BB00139535 /* Build configuration list for PBXNativeTarget "Furniture_App" */;
			buildPhases = (
				8BC6F0C32E19F5B900139535 /* Sources */,
				8BC6F0C42E19F5B900139535 /* Frameworks */,
				8BC6F0C52E19F5B900139535 /* Resources */,
			);
			buildRules = (
			);
			dependencies = (
			);
			fileSystemSynchronizedGroups = (
				8BC6F0C92E19F5B900139535 /* Furniture_App */,
			);
			name = Furniture_App;
			packageProductDependencies = (
			);
			productName = Furniture_App;
			productReference = 8BC6F0C72E19F5B900139535 /* Furniture_App.app */;
			productType = "com.apple.product-type.application";
		};
		8BC6F0D62E19F5BB00139535 /* Furniture_AppTests */ = {
			isa = PBXNativeTarget;
			buildConfigurationList = 8BC6F0EE2E19F5BB00139535 /* Build configuration list for PBXNativeTarget "Furniture_AppTests" */;
			buildPhases = (
				8BC6F0D32E19F5BB00139535 /* Sources */,
				8BC6F0D42E19F5BB00139535 /* Frameworks */,
				8BC6F0D52E19F5BB00139535 /* Resources */,
			);
			buildRules = (
			);
			dependencies = (
				8BC6F0D92E19F5BB00139535 /* PBXTargetDependency */,
			);
			fileSystemSynchronizedGroups = (
				8BC6F0DA2E19F5BB00139535 /* Furniture_AppTests */,
			);
			name = Furniture_AppTests;
			packageProductDependencies = (
			);
			productName = Furniture_AppTests;
			productReference = 8BC6F0D72E19F5BB00139535 /* Furniture_AppTests.xctest */;
			productType = "com.apple.product-type.bundle.unit-test";
		};
		8BC6F0E02E19F5BB00139535 /* Furniture_AppUITests */ = {
			isa = PBXNativeTarget;
			buildConfigurationList = 8BC6F0F12E19F5BB00139535 /* Build configuration list for PBXNativeTarget "Furniture_AppUITests" */;
			buildPhases = (
				8BC6F0DD2E19F5BB00139535 /* Sources */,
				8BC6F0DE2E19F5BB00139535 /* Frameworks */,
				8BC6F0DF2E19F5BB00139535 /* Resources */,
			);
			buildRules = (
			);
			dependencies = (
				8BC6F0E32E19F5BB00139535 /* PBXTargetDependency */,
			);
			fileSystemSynchronizedGroups = (
				8BC6F0E42E19F5BB00139535 /* Furniture_AppUITests */,
			);
			name = Furniture_AppUITests;
			packageProductDependencies = (
			);
			productName = Furniture_AppUITests;
			productReference = 8BC6F0E12E19F5BB00139535 /* Furniture_AppUITests.xctest */;
			productType = "com.apple.product-type.bundle.ui-testing";
		};
/* End PBXNativeTarget section */

/* Begin PBXProject section */
		8BC6F0BF2E19F5B900139535 /* Project object */ = {
			isa = PBXProject;
			attributes = {
				BuildIndependentTargetsInParallel = 1;
				LastSwiftUpdateCheck = 1620;
				LastUpgradeCheck = 1620;
				TargetAttributes = {
					8BC6F0C62E19F5B900139535 = {
						CreatedOnToolsVersion = 16.2;
					};
					8BC6F0D62E19F5BB00139535 = {
						CreatedOnToolsVersion = 16.2;
						TestTargetID = 8BC6F0C62E19F5B900139535;
					};
					8BC6F0E02E19F5BB00139535 = {
						CreatedOnToolsVersion = 16.2;
						TestTargetID = 8BC6F0C62E19F5B900139535;
					};
				};
			};
			buildConfigurationList = 8BC6F0C22E19F5B900139535 /* Build configuration list for PBXProject "Furniture_App" */;
			developmentRegion = en;
			hasScannedForEncodings = 0;
			knownRegions = (
				en,
				Base,
			);
			mainGroup = 8BC6F0BE2E19F5B900139535;
			minimizedProjectReferenceProxies = 1;
			preferredProjectObjectVersion = 77;
			productRefGroup = 8BC6F0C82E19F5B900139535 /* Products */;
			projectDirPath = "";
			projectRoot = "";
			targets = (
				8BC6F0C62E19F5B900139535 /* Furniture_App */,
				8BC6F0D62E19F5BB00139535 /* Furniture_AppTests */,
				8BC6F0E02E19F5BB00139535 /* Furniture_AppUITests */,
			);
		};
/* End PBXProject section */

/* Begin PBXResourcesBuildPhase section */
		8BC6F0C52E19F5B900139535 /* Resources */ = {
			isa = PBXResourcesBuildPhase;
			buildActionMask = 2147483647;
			files = (
			);
			runOnlyForDeploymentPostprocessing = 0;
		};
		8BC6F0D52E19F5BB00139535 /* Resources */ = {
			isa = PBXResourcesBuildPhase;
			buildActionMask = 2147483647;
			files = (
			);
			runOnlyForDeploymentPostprocessing = 0;
		};
		8BC6F0DF2E19F5BB00139535 /* Resources */ = {
			isa = PBXResourcesBuildPhase;
			buildActionMask = 2147483647;
			files = (
			);
			runOnlyForDeploymentPostprocessing = 0;
		};
/* End PBXResourcesBuildPhase section */

/* Begin PBXSourcesBuildPhase section */
		8BC6F0C32E19F5B900139535 /* Sources */ = {
			isa = PBXSourcesBuildPhase;
			buildActionMask = 2147483647;
			files = (
			);
			runOnlyForDeploymentPostprocessing = 0;
		};
		8BC6F0D32E19F5BB00139535 /* Sources */ = {
			isa = PBXSourcesBuildPhase;
			buildActionMask = 2147483647;
			files = (
			);
			runOnlyForDeploymentPostprocessing = 0;
		};
		8BC6F0DD2E19F5BB00139535 /* Sources */ = {
			isa = PBXSourcesBuildPhase;
			buildActionMask = 2147483647;
			files = (
			);
			runOnlyForDeploymentPostprocessing = 0;
		};
/* End PBXSourcesBuildPhase section */

/* Begin PBXTargetDependency section */
		8BC6F0D92E19F5BB00139535 /* PBXTargetDependency */ = {
			isa = PBXTargetDependency;
			target = 8BC6F0C62E19F5B900139535 /* Furniture_App */;
			targetProxy = 8BC6F0D82E19F5BB00139535 /* PBXContainerItemProxy */;
		};
		8BC6F0E32E19F5BB00139535 /* PBXTargetDependency */ = {
			isa = PBXTargetDependency;
			target = 8BC6F0C62E19F5B900139535 /* Furniture_App */;
			targetProxy = 8BC6F0E22E19F5BB00139535 /* PBXContainerItemProxy */;
		};
/* End PBXTargetDependency section */

/* Begin XCBuildConfiguration section */
		8BC6F0E92E19F5BB00139535 /* Debug */ = {
			isa = XCBuildConfiguration;
			buildSettings = {
				ALWAYS_SEARCH_USER_PATHS = NO;
				ASSETCATALOG_COMPILER_GENERATE_SWIFT_ASSET_SYMBOL_EXTENSIONS = YES;
				CLANG_ANALYZER_NONNULL = YES;
				CLANG_ANALYZER_NUMBER_OBJECT_CONVERSION = YES_AGGRESSIVE;
				CLANG_CXX_LANGUAGE_STANDARD = "gnu++20";
				CLANG_ENABLE_MODULES = YES;
				CLANG_ENABLE_OBJC_ARC = YES;
				CLANG_ENABLE_OBJC_WEAK = YES;
				CLANG_WARN_BLOCK_CAPTURE_AUTORELEASING = YES;
				CLANG_WARN_BOOL_CONVERSION = YES;
				CLANG_WARN_COMMA = YES;
				CLANG_WARN_CONSTANT_CONVERSION = YES;
				CLANG_WARN_DEPRECATED_OBJC_IMPLEMENTATIONS = YES;
				CLANG_WARN_DIRECT_OBJC_ISA_USAGE = YES_ERROR;
				CLANG_WARN_DOCUMENTATION_COMMENTS = YES;
				CLANG_WARN_EMPTY_BODY = YES;
				CLANG_WARN_ENUM_CONVERSION = YES;
				CLANG_WARN_INFINITE_RECURSION = YES;
				CLANG_WARN_INT_CONVERSION = YES;
				CLANG_WARN_NON_LITERAL_NULL_CONVERSION = YES;
				CLANG_WARN_OBJC_IMPLICIT_RETAIN_SELF = YES;
				CLANG_WARN_OBJC_LITERAL_CONVERSION = YES;
				CLANG_WARN_OBJC_ROOT_CLASS = YES_ERROR;
				CLANG_WARN_QUOTED_INCLUDE_IN_FRAMEWORK_HEADER = YES;
				CLANG_WARN_RANGE_LOOP_ANALYSIS = YES;
				CLANG_WARN_STRICT_PROTOTYPES = YES;
				CLANG_WARN_SUSPICIOUS_MOVE = YES;
				CLANG_WARN_UNGUARDED_AVAILABILITY = YES_AGGRESSIVE;
				CLANG_WARN_UNREACHABLE_CODE = YES;
				CLANG_WARN__DUPLICATE_METHOD_MATCH = YES;
				COPY_PHASE_STRIP = NO;
				DEBUG_INFORMATION_FORMAT = dwarf;
				ENABLE_STRICT_OBJC_MSGSEND = YES;
				ENABLE_TESTABILITY = YES;
				ENABLE_USER_SCRIPT_SANDBOXING = YES;
				GCC_C_LANGUAGE_STANDARD = gnu17;
				GCC_DYNAMIC_NO_PIC = NO;
				GCC_NO_COMMON_BLOCKS = YES;
				GCC_OPTIMIZATION_LEVEL = 0;
				GCC_PREPROCESSOR_DEFINITIONS = (
					"DEBUG=1",
					"$(inherited)",
				);
				GCC_WARN_64_TO_32_BIT_CONVERSION = YES;
				GCC_WARN_ABOUT_RETURN_TYPE = YES_ERROR;
				GCC_WARN_UNDECLARED_SELECTOR = YES;
				GCC_WARN_UNINITIALIZED_AUTOS = YES_AGGRESSIVE;
				GCC_WARN_UNUSED_FUNCTION = YES;
				GCC_WARN_UNUSED_VARIABLE = YES;
				IPHONEOS_DEPLOYMENT_TARGET = 18.2;
				LOCALIZATION_PREFERS_STRING_CATALOGS = YES;
				MTL_ENABLE_DEBUG_INFO = INCLUDE_SOURCE;
				MTL_FAST_MATH = YES;
				ONLY_ACTIVE_ARCH = YES;
				SDKROOT = iphoneos;
				SWIFT_ACTIVE_COMPILATION_CONDITIONS = "DEBUG $(inherited)";
				SWIFT_OPTIMIZATION_LEVEL = "-Onone";
			};
			name = Debug;
		};
		8BC6F0EA2E19F5BB00139535 /* Release */ = {
			isa = XCBuildConfiguration;
			buildSettings = {
				ALWAYS_SEARCH_USER_PATHS = NO;
				ASSETCATALOG_COMPILER_GENERATE_SWIFT_ASSET_SYMBOL_EXTENSIONS = YES;
				CLANG_ANALYZER_NONNULL = YES;
				CLANG_ANALYZER_NUMBER_OBJECT_CONVERSION = YES_AGGRESSIVE;
				CLANG_CXX_LANGUAGE_STANDARD = "gnu++20";
				CLANG_ENABLE_MODULES = YES;
				CLANG_ENABLE_OBJC_ARC = YES;
				CLANG_ENABLE_OBJC_WEAK = YES;
				CLANG_WARN_BLOCK_CAPTURE_AUTORELEASING = YES;
				CLANG_WARN_BOOL_CONVERSION = YES;
				CLANG_WARN_COMMA = YES;
				CLANG_WARN_CONSTANT_CONVERSION = YES;
				CLANG_WARN_DEPRECATED_OBJC_IMPLEMENTATIONS = YES;
				CLANG_WARN_DIRECT_OBJC_ISA_USAGE = YES_ERROR;
				CLANG_WARN_DOCUMENTATION_COMMENTS = YES;
				CLANG_WARN_EMPTY_BODY = YES;
				CLANG_WARN_ENUM_CONVERSION = YES;
				CLANG_WARN_INFINITE_RECURSION = YES;
				CLANG_WARN_INT_CONVERSION = YES;
				CLANG_WARN_NON_LITERAL_NULL_CONVERSION = YES;
				CLANG_WARN_OBJC_IMPLICIT_RETAIN_SELF = YES;
				CLANG_WARN_OBJC_LITERAL_CONVERSION = YES;
				CLANG_WARN_OBJC_ROOT_CLASS = YES_ERROR;
				CLANG_WARN_QUOTED_INCLUDE_IN_FRAMEWORK_HEADER = YES;
				CLANG_WARN_RANGE_LOOP_ANALYSIS = YES;
				CLANG_WARN_STRICT_PROTOTYPES = YES;
				CLANG_WARN_SUSPICIOUS_MOVE = YES;
				CLANG_WARN_UNGUARDED_AVAILABILITY = YES_AGGRESSIVE;
				CLANG_WARN_UNREACHABLE_CODE = YES;
				CLANG_WARN__DUPLICATE_METHOD_MATCH = YES;
				COPY_PHASE_STRIP = NO;
				DEBUG_INFORMATION_FORMAT = "dwarf-with-dsym";
				ENABLE_NS_ASSERTIONS = NO;
				ENABLE_STRICT_OBJC_MSGSEND = YES;
				ENABLE_USER_SCRIPT_SANDBOXING = YES;
				GCC_C_LANGUAGE_STANDARD = gnu17;
				GCC_NO_COMMON_BLOCKS = YES;
				GCC_WARN_64_TO_32_BIT_CONVERSION = YES;
				GCC_WARN_ABOUT_RETURN_TYPE = YES_ERROR;
				GCC_WARN_UNDECLARED_SELECTOR = YES;
				GCC_WARN_UNINITIALIZED_AUTOS = YES_AGGRESSIVE;
				GCC_WARN_UNUSED_FUNCTION = YES;
				GCC_WARN_UNUSED_VARIABLE = YES;
				IPHONEOS_DEPLOYMENT_TARGET = 18.2;
				LOCALIZATION_PREFERS_STRING_CATALOGS = YES;
				MTL_ENABLE_DEBUG_INFO = NO;
				MTL_FAST_MATH = YES;
				SDKROOT = iphoneos;
				SWIFT_COMPILATION_MODE = wholemodule;
				VALIDATE_PRODUCT = YES;
			};
			name = Release;
		};
		8BC6F0EC2E19F5BB00139535 /* Debug */ = {
			isa = XCBuildConfiguration;
			buildSettings = {
				ASSETCATALOG_COMPILER_APPICON_NAME = AppIcon;
				ASSETCATALOG_COMPILER_GLOBAL_ACCENT_COLOR_NAME = AccentColor;
				CODE_SIGN_STYLE = Automatic;
				CURRENT_PROJECT_VERSION = 1;
				DEVELOPMENT_ASSET_PATHS = "\"Furniture_App/Preview Content\"";
				ENABLE_PREVIEWS = YES;
				GENERATE_INFOPLIST_FILE = YES;
				INFOPLIST_KEY_UIApplicationSceneManifest_Generation = YES;
				INFOPLIST_KEY_UIApplicationSupportsIndirectInputEvents = YES;
				INFOPLIST_KEY_UILaunchScreen_Generation = YES;
				INFOPLIST_KEY_UISupportedInterfaceOrientations_iPad = "UIInterfaceOrientationPortrait UIInterfaceOrientationPortraitUpsideDown UIInterfaceOrientationLandscapeLeft UIInterfaceOrientationLandscapeRight";
				INFOPLIST_KEY_UISupportedInterfaceOrientations_iPhone = "UIInterfaceOrientationPortrait UIInterfaceOrientationLandscapeLeft UIInterfaceOrientationLandscapeRight";
				LD_RUNPATH_SEARCH_PATHS = (
					"$(inherited)",
					"@executable_path/Frameworks",
				);
				MARKETING_VERSION = 1.0;
				PRODUCT_BUNDLE_IDENTIFIER = "Com.PawankumarVerma.iosDev.Furniture-App";
				PRODUCT_NAME = "$(TARGET_NAME)";
				SWIFT_EMIT_LOC_STRINGS = YES;
				SWIFT_VERSION = 5.0;
				TARGETED_DEVICE_FAMILY = "1,2";
			};
			name = Debug;
		};
		8BC6F0ED2E19F5BB00139535 /* Release */ = {
			isa = XCBuildConfiguration;
			buildSettings = {
				ASSETCATALOG_COMPILER_APPICON_NAME = AppIcon;
				ASSETCATALOG_COMPILER_GLOBAL_ACCENT_COLOR_NAME = AccentColor;
				CODE_SIGN_STYLE = Automatic;
				CURRENT_PROJECT_VERSION = 1;
				DEVELOPMENT_ASSET_PATHS = "\"Furniture_App/Preview Content\"";
				ENABLE_PREVIEWS = YES;
				GENERATE_INFOPLIST_FILE = YES;
				INFOPLIST_KEY_UIApplicationSceneManifest_Generation = YES;
				INFOPLIST_KEY_UIApplicationSupportsIndirectInputEvents = YES;
				INFOPLIST_KEY_UILaunchScreen_Generation = YES;
				INFOPLIST_KEY_UISupportedInterfaceOrientations_iPad = "UIInterfaceOrientationPortrait UIInterfaceOrientationPortraitUpsideDown UIInterfaceOrientationLandscapeLeft UIInterfaceOrientationLandscapeRight";
				INFOPLIST_KEY_UISupportedInterfaceOrientations_iPhone = "UIInterfaceOrientationPortrait UIInterfaceOrientationLandscapeLeft UIInterfaceOrientationLandscapeRight";
				LD_RUNPATH_SEARCH_PATHS = (
					"$(inherited)",
					"@executable_path/Frameworks",
				);
				MARKETING_VERSION = 1.0;
				PRODUCT_BUNDLE_IDENTIFIER = "Com.PawankumarVerma.iosDev.Furniture-App";
				PRODUCT_NAME = "$(TARGET_NAME)";
				SWIFT_EMIT_LOC_STRINGS = YES;
				SWIFT_VERSION = 5.0;
				TARGETED_DEVICE_FAMILY = "1,2";
			};
			name = Release;
		};
		8BC6F0EF2E19F5BB00139535 /* Debug */ = {
			isa = XCBuildConfiguration;
			buildSettings = {
				BUNDLE_LOADER = "$(TEST_HOST)";
				CODE_SIGN_STYLE = Automatic;
				CURRENT_PROJECT_VERSION = 1;
				GENERATE_INFOPLIST_FILE = YES;
				IPHONEOS_DEPLOYMENT_TARGET = 18.2;
				MARKETING_VERSION = 1.0;
				PRODUCT_BUNDLE_IDENTIFIER = "Com.PawankumarVerma.iosDev.Furniture-AppTests";
				PRODUCT_NAME = "$(TARGET_NAME)";
				SWIFT_EMIT_LOC_STRINGS = NO;
				SWIFT_VERSION = 5.0;
				TARGETED_DEVICE_FAMILY = "1,2";
				TEST_HOST = "$(BUILT_PRODUCTS_DIR)/Furniture_App.app/$(BUNDLE_EXECUTABLE_FOLDER_PATH)/Furniture_App";
			};
			name = Debug;
		};
		8BC6F0F02E19F5BB00139535 /* Release */ = {
			isa = XCBuildConfiguration;
			buildSettings = {
				BUNDLE_LOADER = "$(TEST_HOST)";
				CODE_SIGN_STYLE = Automatic;
				CURRENT_PROJECT_VERSION = 1;
				GENERATE_INFOPLIST_FILE = YES;
				IPHONEOS_DEPLOYMENT_TARGET = 18.2;
				MARKETING_VERSION = 1.0;
				PRODUCT_BUNDLE_IDENTIFIER = "Com.PawankumarVerma.iosDev.Furniture-AppTests";
				PRODUCT_NAME = "$(TARGET_NAME)";
				SWIFT_EMIT_LOC_STRINGS = NO;
				SWIFT_VERSION = 5.0;
				TARGETED_DEVICE_FAMILY = "1,2";
				TEST_HOST = "$(BUILT_PRODUCTS_DIR)/Furniture_App.app/$(BUNDLE_EXECUTABLE_FOLDER_PATH)/Furniture_App";
			};
			name = Release;
		};
		8BC6F0F22E19F5BB00139535 /* Debug */ = {
			isa = XCBuildConfiguration;
			buildSettings = {
				CODE_SIGN_STYLE = Automatic;
				CURRENT_PROJECT_VERSION = 1;
				GENERATE_INFOPLIST_FILE = YES;
				MARKETING_VERSION = 1.0;
				PRODUCT_BUNDLE_IDENTIFIER = "Com.PawankumarVerma.iosDev.Furniture-AppUITests";
				PRODUCT_NAME = "$(TARGET_NAME)";
				SWIFT_EMIT_LOC_STRINGS = NO;
				SWIFT_VERSION = 5.0;
				TARGETED_DEVICE_FAMILY = "1,2";
				TEST_TARGET_NAME = Furniture_App;
			};
			name = Debug;
		};
		8BC6F0F32E19F5BB00139535 /* Release */ = {
			isa = XCBuildConfiguration;
			buildSettings = {
				CODE_SIGN_STYLE = Automatic;
				CURRENT_PROJECT_VERSION = 1;
				GENERATE_INFOPLIST_FILE = YES;
				MARKETING_VERSION = 1.0;
				PRODUCT_BUNDLE_IDENTIFIER = "Com.PawankumarVerma.iosDev.Furniture-AppUITests";
				PRODUCT_NAME = "$(TARGET_NAME)";
				SWIFT_EMIT_LOC_STRINGS = NO;
				SWIFT_VERSION = 5.0;
				TARGETED_DEVICE_FAMILY = "1,2";
				TEST_TARGET_NAME = Furniture_App;
			};
			name = Release;
		};
/* End XCBuildConfiguration section */

/* Begin XCConfigurationList section */
		8BC6F0C22E19F5B900139535 /* Build configuration list for PBXProject "Furniture_App" */ = {
			isa = XCConfigurationList;
			buildConfigurations = (
				8BC6F0E92E19F5BB00139535 /* Debug */,
				8BC6F0EA2E19F5BB00139535 /* Release */,
			);
			defaultConfigurationIsVisible = 0;
			defaultConfigurationName = Release;
		};
		8BC6F0EB2E19F5BB00139535 /* Build configuration list for PBXNativeTarget "Furniture_App" */ = {
			isa = XCConfigurationList;
			buildConfigurations = (
				8BC6F0EC2E19F5BB00139535 /* Debug */,
				8BC6F0ED2E19F5BB00139535 /* Release */,
			);
			defaultConfigurationIsVisible = 0;
			defaultConfigurationName = Release;
		};
		8BC6F0EE2E19F5BB00139535 /* Build configuration list for PBXNativeTarget "Furniture_AppTests" */ = {
			isa = XCConfigurationList;
			buildConfigurations = (
				8BC6F0EF2E19F5BB00139535 /* Debug */,
				8BC6F0F02E19F5BB00139535 /* Release */,
			);
			defaultConfigurationIsVisible = 0;
			defaultConfigurationName = Release;
		};
		8BC6F0F12E19F5BB00139535 /* Build configuration list for PBXNativeTarget "Furniture_AppUITests" */ = {
			isa = XCConfigurationList;
			buildConfigurations = (
				8BC6F0F22E19F5BB00139535 /* Debug */,
				8BC6F0F32E19F5BB00139535 /* Release */,
			);
			defaultConfigurationIsVisible = 0;
			defaultConfigurationName = Release;
		};
/* End XCConfigurationList section */
	};
	rootObject = 8BC6F0BF2E19F5B900139535 /* Project object */;
}
